
Microsoft Visual Studio Solution File, Format Version 12.00
# Visual Studio Version 18
VisualStudioVersion = 18.6.11819.183
MinimumVisualStudioVersion = 10.0.40219.1
Project("{FAE04EC0-301F-11D3-BF4B-00C04F79EFBC}") = "TimesheetLite", "TimesheetLite.csproj", "{A3FBEE3F-1E2D-463D-8A2F-7E801D98FD5A}"
EndProject
Project("{2150E333-8FDC-42A3-9474-1A3956D46DE8}") = "tests", "tests", "{0AB3BF05-4346-4AA6-1389-037BE0695223}"
EndProject
Project("{FAE04EC0-301F-11D3-BF4B-00C04F79EFBC}") = "TimesheetLite.Tests", "tests\TimesheetLite.Tests\TimesheetLite.Tests.csproj", "{33962CEA-FD91-4E92-8016-B1FFF1F876B8}"
EndProject
Global
	GlobalSection(SolutionConfigurationPlatforms) = preSolution
		Debug|Any CPU = Debug|Any CPU
		Debug|x64 = Debug|x64
		Debug|x86 = Debug|x86
		Release|Any CPU = Release|Any CPU
		Release|x64 = Release|x64
		Release|x86 = Release|x86
	EndGlobalSection
	GlobalSection(ProjectConfigurationPlatforms) = postSolution
		{A3FBEE3F-1E2D-463D-8A2F-7E801D98FD5A}.Debug|Any CPU.ActiveCfg = Debug|Any CPU
		{A3FBEE3F-1E2D-463D-8A2F-7E801D98FD5A}.Debug|Any CPU.Build.0 = Debug|Any CPU
		{A3FBEE3F-1E2D-463D-8A2F-7E801D98FD5A}.Debug|x64.ActiveCfg = Debug|Any CPU
		{A3FBEE3F-1E2D-463D-8A2F-7E801D98FD5A}.Debug|x64.Build.0 = Debug|Any CPU
		{A3FBEE3F-1E2D-463D-8A2F-7E801D98FD5A}.Debug|x86.ActiveCfg = Debug|Any CPU
		{A3FBEE3F-1E2D-463D-8A2F-7E801D98FD5A}.Debug|x86.Build.0 = Debug|Any CPU
		{A3FBEE3F-1E2D-463D-8A2F-7E801D98FD5A}.Release|Any CPU.ActiveCfg = Release|Any CPU
		{A3FBEE3F-1E2D-463D-8A2F-7E801D98FD5A}.Release|Any CPU.Build.0 = Release|Any CPU
		{A3FBEE3F-1E2D-463D-8A2F-7E801D98FD5A}.Release|x64.ActiveCfg = Release|Any CPU
		{A3FBEE3F-1E2D-463D-8A2F-7E801D98FD5A}.Release|x64.Build.0 = Release|Any CPU
		{A3FBEE3F-1E2D-463D-8A2F-7E801D98FD5A}.Release|x86.ActiveCfg = Release|Any CPU
		{A3FBEE3F-1E2D-463D-8A2F-7E801D98FD5A}.Release|x86.Build.0 = Release|Any CPU
		{33962CEA-FD91-4E92-8016-B1FFF1F876B8}.Debug|Any CPU.ActiveCfg = Debug|Any CPU
		{33962CEA-FD91-4E92-8016-B1FFF1F876B8}.Debug|Any CPU.Build.0 = Debug|Any CPU
		{33962CEA-FD91-4E92-8016-B1FFF1F876B8}.Debug|x64.ActiveCfg = Debug|Any CPU
		{33962CEA-FD91-4E92-8016-B1FFF1F876B8}.Debug|x64.Build.0 = Debug|Any CPU
		{33962CEA-FD91-4E92-8016-B1FFF1F876B8}.Debug|x86.ActiveCfg = Debug|Any CPU
		{33962CEA-FD91-4E92-8016-B1FFF1F876B8}.Debug|x86.Build.0 = Debug|Any CPU
		{33962CEA-FD91-4E92-8016-B1FFF1F876B8}.Release|Any CPU.ActiveCfg = Release|Any CPU
		{33962CEA-FD91-4E92-8016-B1FFF1F876B8}.Release|Any CPU.Build.0 = Release|Any CPU
		{33962CEA-FD91-4E92-8016-B1FFF1F876B8}.Release|x64.ActiveCfg = Release|Any CPU
		{33962CEA-FD91-4E92-8016-B1FFF1F876B8}.Release|x64.Build.0 = Release|Any CPU
		{33962CEA-FD91-4E92-8016-B1FFF1F876B8}.Release|x86.ActiveCfg = Release|Any CPU
		{33962CEA-FD91-4E92-8016-B1FFF1F876B8}.Release|x86.Build.0 = Release|Any CPU
	EndGlobalSection
	GlobalSection(SolutionProperties) = preSolution
		HideSolutionNode = FALSE
	EndGlobalSection
	GlobalSection(NestedProjects) = preSolution
		{33962CEA-FD91-4E92-8016-B1FFF1F876B8} = {0AB3BF05-4346-4AA6-1389-037BE0695223}
	EndGlobalSection
EndGlobal
